
Microsoft Visual Studio Solution File, Format Version 12.00
# Visual Studio Version 17
VisualStudioVersion = 17.4.33213.308
MinimumVisualStudioVersion = 10.0.40219.1
Project("{FAE04EC0-301F-11D3-BF4B-00C04F79EFBC}") = "GetGeoInfo", "GetGeoInfo\GetGeoInfo.csproj", "{65CD1534-30A6-440D-B32E-95218B9AD31A}"
EndProject
Global
	GlobalSection(SolutionConfigurationPlatforms) = preSolution
		Debug|Any CPU = Debug|Any CPU
		Release|Any CPU = Release|Any CPU
	EndGlobalSection
	GlobalSection(ProjectConfigurationPlatforms) = postSolution
		{65CD1534-30A6-440D-B32E-95218B9AD31A}.Debug|Any CPU.ActiveCfg = Debug|Any CPU
		{65CD1534-30A6-440D-B32E-95218B9AD31A}.Debug|Any CPU.Build.0 = Debug|Any CPU
		{65CD1534-30A6-440D-B32E-95218B9AD31A}.Release|Any CPU.ActiveCfg = Release|Any CPU
		{65CD1534-30A6-440D-B32E-95218B9AD31A}.Release|Any CPU.Build.0 = Release|Any CPU
	EndGlobalSection
	GlobalSection(SolutionProperties) = preSolution
		HideSolutionNode = FALSE
	EndGlobalSection
	GlobalSection(ExtensibilityGlobals) = postSolution
		SolutionGuid = {4669C62D-DE37-45E2-B9D6-A6C5BD424DFB}
	EndGlobalSection
EndGlobal
